<Solution>
  <Folder Name="/src/">
    <Project Path="src/Aura.Application/Aura.Application.csproj" />
    <Project Path="src/Aura.Domain/Aura.Domain.csproj" />
    <Project Path="src/Aura.Infrastructure/Aura.Infrastructure.csproj" />
    <Project Path="src/Aura.WebApi/Aura.WebApi.csproj" />
  </Folder>
  <Folder Name="/tests/">
    <Project Path="tests/Aura.UnitTests/Aura.UnitTests.csproj" />
    <Project Path="tests/Aura.IntegrationTests/Aura.IntegrationTests.csproj" />
  </Folder>
</Solution>
